
Microsoft Visual Studio Solution File, Format Version 12.00
# Visual Studio Version 17
VisualStudioVersion = 17.3.32804.467
MinimumVisualStudioVersion = 10.0.40219.1
Project("{9A19103F-16F7-4668-BE54-9A1E7A4F7556}") = "ApiDataCollection", "ApiDataCollection.csproj", "{83367E44-6EC8-4AB7-83AE-C7D41CEB4654}"
EndProject
Global
	GlobalSection(SolutionConfigurationPlatforms) = preSolution
		Debug|Any CPU = Debug|Any CPU
		Release|Any CPU = Release|Any CPU
	EndGlobalSection
	GlobalSection(ProjectConfigurationPlatforms) = postSolution
		{83367E44-6EC8-4AB7-83AE-C7D41CEB4654}.Debug|Any CPU.ActiveCfg = Debug|Any CPU
		{83367E44-6EC8-4AB7-83AE-C7D41CEB4654}.Debug|Any CPU.Build.0 = Debug|Any CPU
		{83367E44-6EC8-4AB7-83AE-C7D41CEB4654}.Release|Any CPU.ActiveCfg = Release|Any CPU
		{83367E44-6EC8-4AB7-83AE-C7D41CEB4654}.Release|Any CPU.Build.0 = Release|Any CPU
	EndGlobalSection
	GlobalSection(SolutionProperties) = preSolution
		HideSolutionNode = FALSE
	EndGlobalSection
	GlobalSection(ExtensibilityGlobals) = postSolution
		SolutionGuid = {A9E69E35-99BD-4DEA-8F99-667B21BDF683}
	EndGlobalSection
EndGlobal
